
Microsoft Visual Studio Solution File, Format Version 12.00
# Visual Studio 15
VisualStudioVersion = 15.0.27703.2047
MinimumVisualStudioVersion = 10.0.40219.1
Project("{00D1A9C2-B5F0-4AF3-8072-F6C62B433612}") = "DipSWD Sem2 Challenge 1DB", "DipSWD Sem2 Challenge 1DB\DipSWD Sem2 Challenge 1DB.sqlproj", "{071FD827-6678-4C81-9688-15233EED0ACC}"
EndProject
Project("{FAE04EC0-301F-11D3-BF4B-00C04F79EFBC}") = "DipSWD Sem2 Challenge WebApp", "DipSWD Sem2 Challenge WebApp\DipSWD Sem2 Challenge WebApp.csproj", "{0111437B-828E-4713-A670-8680EDB9A93D}"
EndProject
Global
	GlobalSection(SolutionConfigurationPlatforms) = preSolution
		Debug|Any CPU = Debug|Any CPU
		Release|Any CPU = Release|Any CPU
	EndGlobalSection
	GlobalSection(ProjectConfigurationPlatforms) = postSolution
		{071FD827-6678-4C81-9688-15233EED0ACC}.Debug|Any CPU.ActiveCfg = Debug|Any CPU
		{071FD827-6678-4C81-9688-15233EED0ACC}.Debug|Any CPU.Build.0 = Debug|Any CPU
		{071FD827-6678-4C81-9688-15233EED0ACC}.Debug|Any CPU.Deploy.0 = Debug|Any CPU
		{071FD827-6678-4C81-9688-15233EED0ACC}.Release|Any CPU.ActiveCfg = Release|Any CPU
		{071FD827-6678-4C81-9688-15233EED0ACC}.Release|Any CPU.Build.0 = Release|Any CPU
		{071FD827-6678-4C81-9688-15233EED0ACC}.Release|Any CPU.Deploy.0 = Release|Any CPU
		{0111437B-828E-4713-A670-8680EDB9A93D}.Debug|Any CPU.ActiveCfg = Debug|Any CPU
		{0111437B-828E-4713-A670-8680EDB9A93D}.Debug|Any CPU.Build.0 = Debug|Any CPU
		{0111437B-828E-4713-A670-8680EDB9A93D}.Release|Any CPU.ActiveCfg = Release|Any CPU
		{0111437B-828E-4713-A670-8680EDB9A93D}.Release|Any CPU.Build.0 = Release|Any CPU
	EndGlobalSection
	GlobalSection(SolutionProperties) = preSolution
		HideSolutionNode = FALSE
	EndGlobalSection
	GlobalSection(ExtensibilityGlobals) = postSolution
		SolutionGuid = {28DA9954-D872-4854-9ED9-F139C0396F17}
	EndGlobalSection
EndGlobal
